
Microsoft Visual Studio Solution File, Format Version 12.00
# Visual Studio Version 17
VisualStudioVersion = 17.13.35931.197 d17.13
MinimumVisualStudioVersion = 10.0.40219.1
Project("{FAE04EC0-301F-11D3-BF4B-00C04F79EFBC}") = "AvaloniaTodoApp", "AvaloniaTodoApp\AvaloniaTodoApp.csproj", "{57D34E66-DDE0-4572-90F5-2ED341BE0E5F}"
EndProject
Global
	GlobalSection(SolutionConfigurationPlatforms) = preSolution
		Debug|Any CPU = Debug|Any CPU
		Release|Any CPU = Release|Any CPU
	EndGlobalSection
	GlobalSection(ProjectConfigurationPlatforms) = postSolution
		{57D34E66-DDE0-4572-90F5-2ED341BE0E5F}.Debug|Any CPU.ActiveCfg = Debug|Any CPU
		{57D34E66-DDE0-4572-90F5-2ED341BE0E5F}.Debug|Any CPU.Build.0 = Debug|Any CPU
		{57D34E66-DDE0-4572-90F5-2ED341BE0E5F}.Release|Any CPU.ActiveCfg = Release|Any CPU
		{57D34E66-DDE0-4572-90F5-2ED341BE0E5F}.Release|Any CPU.Build.0 = Release|Any CPU
	EndGlobalSection
	GlobalSection(SolutionProperties) = preSolution
		HideSolutionNode = FALSE
	EndGlobalSection
	GlobalSection(ExtensibilityGlobals) = postSolution
		SolutionGuid = {1FD39994-98F5-4B7C-A85F-4B073B1C4B7A}
	EndGlobalSection
EndGlobal
